dependencies:
- name: common
  repository: https://library-charts.truecharts.org
  version: 10.6.8
- name: node-exporter
  repository: https://charts.bitnami.com/bitnami
  version: 3.2.1
- name: kube-state-metrics
  repository: https://charts.bitnami.com/bitnami
  version: 3.2.4
digest: sha256:ecb82060707cb5f48153e90a6157a89ef96bffbb106620f63a2448cf9b139561
generated: "2022-10-06T12:27:10.658714461Z"
