dependencies:
- name: common
  repository: https://library-charts.truecharts.org
  version: 10.7.1
- name: metallb
  repository: https://metallb.github.io/metallb
  version: 0.13.7
digest: sha256:2b1906746298050f36020818ac505e7afbcd79bdfdcaa21bd2089062a485075e
generated: "2022-10-19T12:02:08.067202137Z"
