dependencies:
- name: common
  repository: https://library-charts.truecharts.org
  version: 10.5.9
- name: postgresql
  repository: https://charts.truecharts.org/
  version: 8.0.76
- name: redis
  repository: https://charts.truecharts.org
  version: 3.0.72
digest: sha256:48575c1284c01594e15d652b730608f179ada7326071005369f8a321e76d695c
generated: "2022-09-13T06:27:13.749078716Z"
