dependencies:
- name: common
  repository: https://library-charts.truecharts.org
  version: 10.7.19
- name: postgresql
  repository: https://charts.truecharts.org/
  version: 8.0.116
- name: solr
  repository: https://charts.truecharts.org/
  version: 0.0.84
digest: sha256:30a20f7a09cc16c881b01b0cb8fa9dfc66344008833f6c0bcc267b4271eed644
generated: "2022-11-05T21:07:55.181771528Z"
