dependencies:
- name: common
  repository: https://library-charts.truecharts.org
  version: 10.5.10
- name: postgresql
  repository: https://charts.truecharts.org/
  version: 8.0.78
- name: redis
  repository: https://charts.truecharts.org
  version: 3.0.75
digest: sha256:9d4ce7b49341358873ac504e187314c9a2e0f15e6eea31a51a1294b829ddaaba
generated: "2022-09-16T13:47:56.877107336Z"
