dependencies:
- name: common
  repository: https://library-charts.truecharts.org
  version: 10.6.11
- name: postgresql
  repository: https://charts.truecharts.org/
  version: 8.0.95
- name: redis
  repository: https://charts.truecharts.org
  version: 3.0.92
digest: sha256:4e483706e708bd24f1109aa60c521e6eb142b7be6148fbb287b9b313f870b696
generated: "2022-10-11T06:30:57.776768085Z"
