dependencies:
- name: common
  repository: https://library-charts.truecharts.org
  version: 10.9.4
- name: mariadb
  repository: https://charts.truecharts.org/
  version: 3.0.119
- name: redis
  repository: https://charts.truecharts.org
  version: 3.0.121
digest: sha256:348de4ac0c11cdc23ba5d637d1ae3a16487f90550f9a8c5ae5414254145bfea8
generated: "2022-11-09T03:58:36.030375483Z"
