dependencies:
- name: common
  repository: https://library-charts.truecharts.org
  version: 10.7.0
- name: postgresql
  repository: https://charts.truecharts.org/
  version: 8.0.97
- name: redis
  repository: https://charts.truecharts.org
  version: 3.0.94
digest: sha256:189ca080dac5b6c30fd563bac26385448c85846d547cc259cad39d12b35421d8
generated: "2022-10-12T15:44:38.839144713Z"
