dependencies:
- name: common
  repository: https://library-charts.truecharts.org
  version: 10.5.9
- name: mariadb
  repository: https://charts.truecharts.org/
  version: 3.0.72
- name: redis
  repository: https://charts.truecharts.org
  version: 3.0.72
digest: sha256:42acef72e3ab5cd252bade211d8e47939a19c202f97ef180c6962a42792cbceb
generated: "2022-09-13T06:17:37.070452075Z"
