dependencies:
- name: common
  repository: https://library-charts.truecharts.org
  version: 10.7.7
- name: postgresql
  repository: https://charts.truecharts.org/
  version: 8.0.107
- name: clickhouse
  repository: https://charts.truecharts.org/
  version: 1.0.41
digest: sha256:85092c0b00587917f319997b3c42a8a21b60317b89a7e2be37b17d387ebb619e
generated: "2022-10-25T18:38:09.717468947Z"
