dependencies:
- name: common
  repository: https://library-charts.truecharts.org
  version: 10.9.4
- name: postgresql
  repository: https://charts.truecharts.org/
  version: 8.0.122
- name: solr
  repository: https://charts.truecharts.org/
  version: 0.0.90
digest: sha256:e21eea2d94953089f5824113c9c63d5aedfd0b6afcb0431478f607484483a0d4
generated: "2022-11-11T13:37:10.230892693Z"
