dependencies:
- name: common
  repository: https://library-charts.truecharts.org
  version: 10.7.0
- name: postgresql
  repository: https://charts.truecharts.org/
  version: 8.0.97
- name: clickhouse
  repository: https://charts.truecharts.org/
  version: 1.0.36
digest: sha256:0aefa563f718ebefe5c730df0acd5cde403c9026efd73a5806c973f593ee13ce
generated: "2022-10-12T15:56:21.317437089Z"
