dependencies:
- name: common
  repository: https://library-charts.truecharts.org
  version: 10.8.1
- name: mariadb
  repository: https://charts.truecharts.org/
  version: 3.0.116
digest: sha256:58de66b848a88a17811c79c0545e13c9ea5878c7aea49ea8bf5d33201cdd4ce0
generated: "2022-11-07T16:50:04.410820639Z"
