dependencies:
- name: common
  repository: https://library-charts.truecharts.org
  version: 10.7.1
- name: mariadb
  repository: https://charts.truecharts.org/
  version: 3.0.95
- name: redis
  repository: https://charts.truecharts.org
  version: 3.0.97
digest: sha256:d21b7fbdd54c812cf4fd7ca235065acef9b198173e4f12652de14da15d4aa713
generated: "2022-10-19T13:23:32.422094993Z"
