dependencies:
- name: common
  repository: https://library-charts.truecharts.org
  version: 10.5.4
- name: mariadb
  repository: https://charts.truecharts.org/
  version: 3.0.64
- name: redis
  repository: https://charts.truecharts.org
  version: 3.0.65
digest: sha256:31c0f40f4bb5aee001673d2262c7c50b7008c451af9bc4b0bc2801c61d372e64
generated: "2022-08-30T08:12:08.432047193Z"
