dependencies:
- name: common
  repository: https://library-charts.truecharts.org
  version: 10.5.0
- name: mariadb
  repository: https://charts.truecharts.org/
  version: 3.0.58
- name: redis
  repository: https://charts.truecharts.org
  version: 3.0.58
digest: sha256:3d99699858bd5e99bbaa69edf9285631395bde38aa94bc15cbfec3df3ed24bb6
generated: "2022-08-23T22:55:24.26860922Z"
