dependencies:
- name: common
  repository: https://library-charts.truecharts.org
  version: 10.5.9
- name: mongodb
  repository: https://charts.truecharts.org
  version: 2.0.10
digest: sha256:331cfa97a28ed31754d46131aae7d10ea5d0a24c497af44e57c09651a6c504eb
generated: "2022-09-12T23:06:08.515352295Z"
