dependencies:
- name: common
  repository: https://library-charts.truecharts.org
  version: 10.8.1
- name: postgresql
  repository: https://charts.truecharts.org/
  version: 8.0.119
digest: sha256:fa890bb80ecd46af84149ceb422fd07c4ddaa4d841bafa82da215e7ed11b5b01
generated: "2022-11-07T03:09:47.416750409Z"
