dependencies:
- name: common
  repository: https://library-charts.truecharts.org
  version: 10.5.9
- name: mongodb
  repository: https://charts.truecharts.org/
  version: 2.0.10
digest: sha256:07bdb62d7c9341d2febd829024953481e73f365e038a4ded85b73ed0932ec88a
generated: "2022-09-12T22:04:55.079437042Z"
