dependencies:
- name: common
  repository: https://library-charts.truecharts.org
  version: 10.9.4
- name: node-exporter
  repository: https://charts.bitnami.com/bitnami
  version: 3.2.3
- name: kube-state-metrics
  repository: https://charts.bitnami.com/bitnami
  version: 3.2.5
digest: sha256:10f5a668e0a09f13b1a487252eaf6b54a932761a3297648a4271b859719a4fd6
generated: "2022-11-10T23:59:50.280259822Z"
