dependencies:
- name: common
  repository: https://library-charts.truecharts.org
  version: 10.9.4
- name: postgresql
  repository: https://charts.truecharts.org/
  version: 8.0.122
- name: clickhouse
  repository: https://charts.truecharts.org/
  version: 1.0.56
digest: sha256:82d32d04a03a9416dcd98f378801d211236a16c118d5b8f4d48eb50b9e8bcfaf
generated: "2022-11-11T09:51:38.277854219Z"
