dependencies:
- name: common
  repository: https://library-charts.truecharts.org
  version: 10.7.13
- name: postgresql
  repository: https://charts.truecharts.org/
  version: 8.0.114
- name: memcached
  repository: https://charts.truecharts.org/
  version: 3.0.110
digest: sha256:b08cb071563d2181a500603468ff8789188cfe0120bad3695fb6d9d71d79449e
generated: "2022-11-02T10:14:18.193066552Z"
