dependencies:
- name: common
  repository: https://library-charts.truecharts.org
  version: 10.8.0
- name: mariadb
  repository: https://charts.truecharts.org/
  version: 3.0.114
- name: redis
  repository: https://charts.truecharts.org
  version: 3.0.116
digest: sha256:21993947c7ceeaa4b8b6fb3eb15481c61843a8d8954edba1a7b4074f361c3ca3
generated: "2022-11-06T12:19:07.210449584Z"
