dependencies:
- name: common
  repository: https://library-charts.truecharts.org
  version: 10.6.11
- name: postgresql
  repository: https://charts.truecharts.org/
  version: 8.0.95
- name: collabora-online
  repository: https://charts.truecharts.org/
  version: 12.1.51
- name: redis
  repository: https://charts.truecharts.org
  version: 3.0.92
digest: sha256:3f3631b445efb381ef177d6519344878637df7f62681c1338a9db1e579d0c7b4
generated: "2022-10-07T21:15:53.629942517Z"
