dependencies:
- name: common
  repository: https://library-charts.truecharts.org
  version: 10.5.6
- name: node-exporter
  repository: https://charts.bitnami.com/bitnami
  version: 3.1.1
- name: kube-state-metrics
  repository: https://charts.bitnami.com/bitnami
  version: 3.2.1
digest: sha256:b8749efb7166e14a1fc2c555c72994bd04fdc480b9cd049537842c3baead677a
generated: "2022-08-31T06:41:09.428910232Z"
