dependencies:
- name: common
  repository: https://library-charts.truecharts.org
  version: 10.7.13
- name: postgresql
  repository: https://charts.truecharts.org/
  version: 8.0.114
- name: collabora-online
  repository: https://charts.truecharts.org/
  version: 12.1.64
- name: redis
  repository: https://charts.truecharts.org
  version: 3.0.111
digest: sha256:549470bbd0e688ad3820f6fab65c7c72929b5bf794b2ed1134630ecc67b9132a
generated: "2022-11-05T12:12:52.913912241Z"
