dependencies:
- name: common
  repository: https://library-charts.truecharts.org
  version: 10.7.7
- name: postgresql
  repository: https://charts.truecharts.org/
  version: 8.0.107
- name: memcached
  repository: https://charts.truecharts.org/
  version: 3.0.101
digest: sha256:704990bb8916973d9c263a5bdc3cdfdbe3a44493f826a509c4ada52fc30b0b62
generated: "2022-10-25T18:42:43.993635905Z"
