dependencies:
- name: common
  repository: https://library-charts.truecharts.org
  version: 10.6.1
- name: postgresql
  repository: https://charts.truecharts.org/
  version: 8.0.87
- name: memcached
  repository: https://charts.truecharts.org/
  version: 3.0.83
digest: sha256:2d7282d6a56dd4262bbde4e57ac45cc3ad6bdaad19488dc99019ad8fe138ad06
generated: "2022-09-25T15:00:30.300450881Z"
