dependencies:
- name: common
  repository: https://library-charts.truecharts.org
  version: 10.9.4
- name: postgresql
  repository: https://charts.truecharts.org/
  version: 8.0.122
- name: redis
  repository: https://charts.truecharts.org
  version: 3.0.121
digest: sha256:3d735a35d0b9723ef7c9fab29613f5407c530ac80815a2f5f9d9673ba25da2f6
generated: "2022-11-11T10:51:01.470765342Z"
