dependencies:
- name: common
  repository: https://library-charts.truecharts.org
  version: 10.5.9
- name: postgresql
  repository: https://charts.truecharts.org/
  version: 8.0.75
digest: sha256:85a7386bd4120271d745576b43b1da2bb13765de1310fcef8100641023c432dc
generated: "2022-09-12T14:33:18.685178411Z"
