dependencies:
- name: common
  repository: https://library-charts.truecharts.org
  version: 10.8.1
- name: postgresql
  repository: https://charts.truecharts.org/
  version: 8.0.119
- name: solr
  repository: https://charts.truecharts.org/
  version: 0.0.87
digest: sha256:6541715294545296709ee2d6117d2a1e88979e788b4c720cec04959ce89c964a
generated: "2022-11-07T01:24:45.933815441Z"
