dependencies:
- name: common
  repository: https://library-charts.truecharts.org
  version: 10.7.0
- name: node-exporter
  repository: https://charts.bitnami.com/bitnami
  version: 3.2.1
- name: kube-state-metrics
  repository: https://charts.bitnami.com/bitnami
  version: 3.2.4
digest: sha256:8b33f8be1b3d811897d4edb46bff73678df905110f603e156d809e4ced054fb6
generated: "2022-10-12T16:51:19.243943432Z"
