dependencies:
- name: common
  repository: https://library-charts.truecharts.org
  version: 10.5.10
- name: mongodb
  repository: https://charts.truecharts.org
  version: 2.0.13
digest: sha256:441b8d9e35931a210ed5fb8a49b76b7c51a7c0a4786e838a672ecc939cad0b45
generated: "2022-09-18T11:33:27.747474394Z"
