dependencies:
- name: common
  repository: https://library-charts.truecharts.org
  version: 10.7.0
- name: postgresql
  repository: https://charts.truecharts.org/
  version: 8.0.97
- name: collabora-online
  repository: https://charts.truecharts.org/
  version: 12.1.52
- name: redis
  repository: https://charts.truecharts.org
  version: 3.0.94
digest: sha256:d877b4504dbbc85540d1d4ce3d11bd127f516485372cb9a331e5d1187988b60f
generated: "2022-10-15T00:21:09.613778454Z"
