dependencies:
- name: common
  repository: https://library-charts.truecharts.org
  version: 10.7.0
- name: postgresql
  repository: https://charts.truecharts.org/
  version: 8.0.97
- name: memcached
  repository: https://charts.truecharts.org/
  version: 3.0.93
digest: sha256:f84cafe1bd45806c20f767dd8dea034d46354b4cafea17723e4ee0d76e6eda95
generated: "2022-10-16T09:55:24.927819049Z"
