dependencies:
- name: common
  repository: https://library-charts.truecharts.org
  version: 10.6.11
- name: postgresql
  repository: https://charts.truecharts.org/
  version: 8.0.95
- name: clickhouse
  repository: https://charts.truecharts.org/
  version: 1.0.35
digest: sha256:7682f4657a82c846ae2becc77308ec9e59b55ff719d1ff28c5c268f61eeb6c67
generated: "2022-10-07T20:19:29.737460204Z"
