dependencies:
- name: common
  repository: https://library-charts.truecharts.org
  version: 10.5.4
- name: mariadb
  repository: https://charts.truecharts.org/
  version: 3.0.64
- name: redis
  repository: https://charts.truecharts.org
  version: 3.0.64
digest: sha256:a43fb0f0065dcbe7980d6cd025426147f121f6b7baec57b50653974de58b32e1
generated: "2022-08-29T21:20:58.020398166Z"
