dependencies:
- name: common
  repository: https://library-charts.truecharts.org
  version: 10.9.4
- name: postgresql
  repository: https://charts.truecharts.org/
  version: 8.0.122
- name: collabora-online
  repository: https://charts.truecharts.org/
  version: 12.1.73
- name: redis
  repository: https://charts.truecharts.org
  version: 3.0.121
digest: sha256:c8167669281bbc1c238f1221d5581fb2545d73ece3c2dd232f7abcff601b46c7
generated: "2022-11-11T20:59:40.034729429Z"
