dependencies:
- name: common
  repository: https://library-charts.truecharts.org
  version: 10.7.7
- name: postgresql
  repository: https://charts.truecharts.org/
  version: 8.0.106
- name: solr
  repository: https://charts.truecharts.org/
  version: 0.0.72
digest: sha256:1ce15c0a94382340bc25a9a3b02e97fedfab1677ffabfe3a7531ac8b6334c105
generated: "2022-10-25T08:47:05.346336214Z"
