dependencies:
- name: common
  repository: https://library-charts.truecharts.org
  version: 10.8.1
- name: mariadb
  repository: https://charts.truecharts.org/
  version: 3.0.116
- name: redis
  repository: https://charts.truecharts.org
  version: 3.0.117
digest: sha256:2be5578c157529d3d4e0d559799abea347235533205931d5667aaa46e033e0d9
generated: "2022-11-07T16:33:06.909121499Z"
