dependencies:
- name: common
  repository: https://library-charts.truecharts.org
  version: 10.5.9
- name: postgresql
  repository: https://charts.truecharts.org/
  version: 8.0.76
- name: clickhouse
  repository: https://charts.truecharts.org/
  version: 1.0.24
digest: sha256:e16aa7330387991d2e368fd3a5d926850e9c2a5249307bd69b29ea798f5fa1b7
generated: "2022-09-13T06:16:34.176036459Z"
