dependencies:
- name: common
  repository: https://library-charts.truecharts.org
  version: 10.9.4
- name: promtail
  repository: https://charts.truecharts.org
  version: 3.0.78
digest: sha256:e3c2c93fb043c8072cef0b2819beeabb01d45466b5af728bab26ff1a1823a921
generated: "2022-11-11T10:40:09.006700696Z"
