dependencies:
- name: common
  repository: https://library-charts.truecharts.org
  version: 10.7.7
- name: postgresql
  repository: https://charts.truecharts.org/
  version: 8.0.106
- name: memcached
  repository: https://charts.truecharts.org/
  version: 3.0.101
digest: sha256:54a30c72b794f9102cbd2e391fd60f190766540fcb1d860a6dafc114687028f6
generated: "2022-10-25T10:05:14.201856249Z"
