dependencies:
- name: common
  repository: https://library-charts.truecharts.org
  version: 10.7.13
- name: postgresql
  repository: https://charts.truecharts.org/
  version: 8.0.114
- name: redis
  repository: https://charts.truecharts.org
  version: 3.0.111
digest: sha256:238817db6a234e4867dd6bbec814b200393e995f5abd8dd6dca1d7ba6ebf08f6
generated: "2022-11-02T10:37:04.045029165Z"
