dependencies:
- name: common
  repository: https://library-charts.truecharts.org
  version: 10.5.0
- name: postgresql
  repository: https://charts.truecharts.org/
  version: 8.0.62
- name: clickhouse
  repository: https://charts.truecharts.org/
  version: 1.0.11
digest: sha256:21bc9f93031befb3e9c2026d40048a91944269ae2800b86298a840639041d97f
generated: "2022-08-27T17:23:57.226106305Z"
