dependencies:
- name: common
  repository: https://library-charts.truecharts.org
  version: 10.5.9
- name: postgresql
  repository: https://charts.truecharts.org/
  version: 8.0.76
- name: collabora-online
  repository: https://charts.truecharts.org/
  version: 12.1.40
- name: redis
  repository: https://charts.truecharts.org
  version: 3.0.72
digest: sha256:ef0752037bb3dd3f060912946d41340baa4085c4c57d7b89e8fec502b1c7c83c
generated: "2022-09-13T06:26:00.925732144Z"
