dependencies:
- name: common
  repository: https://library-charts.truecharts.org
  version: 10.8.1
- name: redis
  repository: https://charts.truecharts.org
  version: 3.0.117
digest: sha256:185c3ec3472ee0f3081957afd87925a8c2afa78af0bf0818ca85ad4ead6c69ba
generated: "2022-11-07T16:53:47.911620344Z"
