dependencies:
- name: common
  repository: https://library-charts.truecharts.org
  version: 10.6.8
- name: postgresql
  repository: https://charts.truecharts.org/
  version: 8.0.93
- name: collabora-online
  repository: https://charts.truecharts.org/
  version: 12.1.50
- name: redis
  repository: https://charts.truecharts.org
  version: 3.0.90
digest: sha256:3b35685c4f29174890a057bf6dcf5559c17bfb18a0d0e32f900d59246682e982
generated: "2022-10-07T10:16:11.773574206Z"
