dependencies:
- name: common
  repository: https://library-charts.truecharts.org
  version: 10.5.9
- name: postgresql
  repository: https://charts.truecharts.org/
  version: 8.0.75
- name: redis
  repository: https://charts.truecharts.org
  version: 3.0.71
digest: sha256:03f011339acf7e0b9f8381988b1c578cb9d15b22bbc01733812bdf8d6e41c7db
generated: "2022-09-12T14:41:01.927355169Z"
