dependencies:
- name: common
  repository: https://library-charts.truecharts.org
  version: 10.5.9
- name: postgresql
  repository: https://charts.truecharts.org/
  version: 8.0.75
- name: clickhouse
  repository: https://charts.truecharts.org/
  version: 1.0.23
digest: sha256:56d781b077bd00187bdee4554e98665bc8bd975152fb25a9641f470eb8ad4c40
generated: "2022-09-12T13:13:54.093764066Z"
