dependencies:
- name: common
  repository: https://library-charts.truecharts.org
  version: 10.7.7
- name: postgresql
  repository: https://charts.truecharts.org/
  version: 8.0.107
- name: solr
  repository: https://charts.truecharts.org/
  version: 0.0.72
digest: sha256:c8534e71f76ea682083eb38103a1c81243fc5fb8541ff63c5f288ad22ab6c668
generated: "2022-10-25T18:36:49.435169584Z"
