dependencies:
- name: common
  repository: https://library-charts.truecharts.org
  version: 10.8.1
- name: postgresql
  repository: https://charts.truecharts.org/
  version: 8.0.119
- name: collabora-online
  repository: https://charts.truecharts.org/
  version: 12.1.70
- name: redis
  repository: https://charts.truecharts.org
  version: 3.0.117
digest: sha256:5375265709c55637d771210e9242e944c9afb8eee6455786d666296d40498e1a
generated: "2022-11-07T02:51:05.385167032Z"
