dependencies:
- name: common
  repository: https://library-charts.truecharts.org
  version: 10.5.9
- name: postgresql
  repository: https://charts.truecharts.org/
  version: 8.0.76
- name: memcached
  repository: https://charts.truecharts.org/
  version: 3.0.75
digest: sha256:98e7d037f3cb6afc09f841ce7b0b51957cf991966109ce5fdf3e2069d19b5824
generated: "2022-09-13T07:40:06.232296356Z"
