dependencies:
- name: common
  repository: https://library-charts.truecharts.org
  version: 10.5.10
- name: redis
  repository: https://charts.truecharts.org
  version: 3.0.75
digest: sha256:0d523b7e45806241724e718eccd24f62a40931e8951b48617125645ff8e32e0f
generated: "2022-09-16T05:44:42.913556551Z"
