dependencies:
- name: common
  repository: https://library-charts.truecharts.org
  version: 10.6.1
- name: postgresql
  repository: https://charts.truecharts.org/
  version: 8.0.87
digest: sha256:7ef4c77e1d1550d477f788f205f679c994bebb1f64ac277b594eb56b3ac0b5b3
generated: "2022-09-25T15:21:33.924297007Z"
