dependencies:
- name: common
  repository: https://library-charts.truecharts.org
  version: 10.6.8
- name: postgresql
  repository: https://charts.truecharts.org/
  version: 8.0.93
- name: clickhouse
  repository: https://charts.truecharts.org/
  version: 1.0.34
digest: sha256:f4a3c0b2a134eab24e234e43127504f4959dd12a566b4010e67ec6e704dcfc69
generated: "2022-10-06T11:20:33.919096326Z"
