dependencies:
- name: common
  repository: https://library-charts.truecharts.org
  version: 10.6.11
- name: postgresql
  repository: https://charts.truecharts.org/
  version: 8.0.88
- name: solr
  repository: https://charts.truecharts.org/
  version: 0.0.59
digest: sha256:9b1c35e1dc3de9b02f7e706340458fa08c5a8b6846b2ff07f68ac91382febeed
generated: "2022-10-09T21:45:45.894011311Z"
