dependencies:
- name: common
  repository: https://library-charts.truecharts.org
  version: 10.6.11
- name: promtail
  repository: https://charts.truecharts.org
  version: 3.0.58
digest: sha256:163e9ef492eaac72f61dc0cb925f0aac6d55f29bbaefc4a0f5cc53cb14eb775f
generated: "2022-10-08T10:22:14.754459514Z"
