dependencies:
- name: common
  repository: https://library-charts.truecharts.org
  version: 10.6.1
- name: postgresql
  repository: https://charts.truecharts.org/
  version: 8.0.87
- name: collabora-online
  repository: https://charts.truecharts.org/
  version: 12.1.46
- name: redis
  repository: https://charts.truecharts.org
  version: 3.0.84
digest: sha256:ec140b8c3853b9adee44310ff3419e45e5a5bdff355db5cf1b4b5f5ea2ea62fb
generated: "2022-09-25T15:16:04.923723394Z"
