dependencies:
- name: common
  repository: https://library-charts.truecharts.org
  version: 10.6.11
- name: postgresql
  repository: https://charts.truecharts.org/
  version: 8.0.95
- name: memcached
  repository: https://charts.truecharts.org/
  version: 3.0.91
digest: sha256:f67efaf3c2d1ab644f3dea2485b938d3ab6e91855f2ac28b5d85d0b356ab2bdd
generated: "2022-10-08T10:13:07.847610998Z"
