dependencies:
- name: common
  repository: https://library-charts.truecharts.org
  version: 10.6.1
- name: postgresql
  repository: https://charts.truecharts.org/
  version: 8.0.87
- name: clickhouse
  repository: https://charts.truecharts.org/
  version: 1.0.30
digest: sha256:71a9618a89774dfafc996abdfdc54723f204d3d98de29e6369750df85733a87e
generated: "2022-09-25T14:24:46.321726932Z"
