dependencies:
- name: common
  repository: https://library-charts.truecharts.org
  version: 10.5.10
- name: postgresql
  repository: https://charts.truecharts.org/
  version: 8.0.78
- name: collabora-online
  repository: https://charts.truecharts.org/
  version: 12.1.41
- name: redis
  repository: https://charts.truecharts.org
  version: 3.0.75
digest: sha256:1df363c0510d9962682f39fd207afcd2a39190dd2107826699e424c52c0e9056
generated: "2022-09-22T14:07:25.825035461Z"
