dependencies:
- name: common
  repository: https://library-charts.truecharts.org
  version: 10.7.13
- name: mariadb
  repository: https://charts.truecharts.org/
  version: 3.0.109
- name: redis
  repository: https://charts.truecharts.org
  version: 3.0.111
digest: sha256:a24e7384c3f2d1612b08f26d94ba8b7722e45d64ba41c57533634ad9cbb6420f
generated: "2022-11-02T10:27:48.289002294Z"
