dependencies:
- name: common
  repository: https://library-charts.truecharts.org
  version: 10.9.1
- name: postgresql
  repository: https://charts.truecharts.org/
  version: 8.0.121
- name: redis
  repository: https://charts.truecharts.org
  version: 3.0.120
digest: sha256:86062aba227ed051d8a594bf707c7e7f2e84ea5d3b0a6d4f332f307f9227a7b4
generated: "2022-11-08T18:20:07.792749676Z"
