dependencies:
- name: common
  repository: https://library-charts.truecharts.org
  version: 10.8.1
- name: postgresql
  repository: https://charts.truecharts.org/
  version: 8.0.119
- name: redis
  repository: https://charts.truecharts.org
  version: 3.0.117
digest: sha256:6daa09d7373c20abb62ad34382cbc859377d0cb7087eb84787ec3103c4775621
generated: "2022-11-07T17:03:39.662745167Z"
