dependencies:
- name: common
  repository: https://library-charts.truecharts.org
  version: 10.7.7
- name: mongodb
  repository: https://charts.truecharts.org/
  version: 2.0.40
digest: sha256:d4f7a8e0a0b71397241720094b69aaafad84c580c21f86c83d521e03affddb20
generated: "2022-10-26T05:55:14.709833308Z"
