dependencies:
- name: common
  repository: https://library-charts.truecharts.org
  version: 10.5.9
- name: postgresql
  repository: https://charts.truecharts.org/
  version: 8.0.75
- name: memcached
  repository: https://charts.truecharts.org/
  version: 3.0.72
digest: sha256:d3cda32f2baed8550fe1a5dd451eda92862cd54420fd6aa00865263de9108d24
generated: "2022-09-12T22:37:18.021917085Z"
