dependencies:
- name: common
  repository: https://library-charts.truecharts.org
  version: 10.5.4
- name: postgresql
  repository: https://charts.truecharts.org/
  version: 8.0.67
- name: clickhouse
  repository: https://charts.truecharts.org/
  version: 1.0.18
digest: sha256:635b929b49ac245783e11ab54e7f3727a953ffd7e447e5b8dff74df4633ab33a
generated: "2022-08-30T08:09:01.769724854Z"
