dependencies:
- name: common
  repository: https://library-charts.truecharts.org
  version: 10.5.9
- name: mariadb
  repository: https://charts.truecharts.org/
  version: 3.0.72
digest: sha256:4918dea0a67663d68f645ee91f54faa55c628a2d463a8572c804e887186456f3
generated: "2022-09-13T06:27:41.447317873Z"
