dependencies:
- name: common
  repository: https://library-charts.truecharts.org
  version: 10.5.10
- name: mongodb
  repository: https://charts.truecharts.org/
  version: 2.0.13
digest: sha256:0a099ab983a11bbf5e58b166c7310d2e96d16b3fc96095306f146bce65f70934
generated: "2022-09-19T00:52:35.478011005Z"
