dependencies:
- name: common
  repository: https://library-charts.truecharts.org
  version: 10.7.1
- name: postgresql
  repository: https://charts.truecharts.org/
  version: 8.0.101
- name: collabora-online
  repository: https://charts.truecharts.org/
  version: 12.1.53
- name: redis
  repository: https://charts.truecharts.org
  version: 3.0.97
digest: sha256:c1d99184678dfb1906d839c10c8f6a70b9b2fa44af58530ee7bedadfadb96a1c
generated: "2022-10-21T10:35:28.919658364Z"
