dependencies:
- name: common
  repository: https://library-charts.truecharts.org
  version: 10.5.10
- name: metallb
  repository: https://metallb.github.io/metallb
  version: 0.13.5
digest: sha256:93c3b2e0dcac6573c126e8c90e6a416b3b704c84db5fbe4d5cd194f12054fbf9
generated: "2022-09-19T15:34:42.658118375Z"
