dependencies:
- name: common
  repository: https://library-charts.truecharts.org
  version: 10.7.0
- name: mariadb
  repository: https://charts.truecharts.org/
  version: 3.0.92
- name: redis
  repository: https://charts.truecharts.org
  version: 3.0.94
digest: sha256:5f88786c72b076ad7c23b64872322107d2110b3a52c675241d822a4a35a3f402
generated: "2022-10-12T16:38:14.584268022Z"
