dependencies:
- name: common
  repository: https://library-charts.truecharts.org
  version: 10.5.5
- name: postgresql
  repository: https://charts.truecharts.org/
  version: 8.0.67
- name: clickhouse
  repository: https://charts.truecharts.org/
  version: 1.0.18
digest: sha256:d1d6f7038964d4e688ceb62675376d77eb2516df72d22ef3043c6a604dfefb79
generated: "2022-08-30T14:33:50.033418764Z"
