dependencies:
- name: common
  repository: https://library-charts.truecharts.org
  version: 10.7.1
- name: postgresql
  repository: https://charts.truecharts.org/
  version: 8.0.101
- name: memcached
  repository: https://charts.truecharts.org/
  version: 3.0.96
digest: sha256:a237473dc077902cf840a356c6f4edad2e2d3c6e1abe4883a20ef068a4d8d594
generated: "2022-10-19T13:13:35.092995319Z"
