dependencies:
- name: common
  repository: https://library-charts.truecharts.org
  version: 10.5.7
- name: metallb
  repository: https://metallb.github.io/metallb
  version: 0.13.5
digest: sha256:5f9410ad82c2f2685d27efe867b6def48290bbe7e8916a89fe09b7fe61c4577f
generated: "2022-09-12T21:43:10.481710687Z"
