dependencies:
- name: common
  repository: https://library-charts.truecharts.org
  version: 10.7.0
- name: postgresql
  repository: https://charts.truecharts.org/
  version: 8.0.97
- name: solr
  repository: https://charts.truecharts.org/
  version: 0.0.64
digest: sha256:ae9fbe1099812bf5e686587bdf71ea0252d3e00c873a59c7b09cff2eed19eeb3
generated: "2022-10-12T15:34:52.433761245Z"
