dependencies:
- name: common
  repository: https://library-charts.truecharts.org
  version: 10.9.4
- name: postgresql
  repository: https://charts.truecharts.org/
  version: 8.0.122
- name: memcached
  repository: https://charts.truecharts.org/
  version: 3.0.120
digest: sha256:b7b68886eaaca51172e405fe40faedf6c2db37e8cb1d25aeae778dfae92a763a
generated: "2022-11-11T20:42:35.230001473Z"
