dependencies:
- name: common
  repository: https://library-charts.truecharts.org
  version: 10.9.1
- name: postgresql
  repository: https://charts.truecharts.org/
  version: 8.0.121
- name: memcached
  repository: https://charts.truecharts.org/
  version: 3.0.119
digest: sha256:a62b00b3d67475793d9148cea2fcc779b7209586c8858dc7a87b223ea8e21fef
generated: "2022-11-08T02:40:20.243355146Z"
