dependencies:
- name: common
  repository: https://library-charts.truecharts.org
  version: 10.6.8
- name: postgresql
  repository: https://charts.truecharts.org/
  version: 8.0.93
- name: redis
  repository: https://charts.truecharts.org
  version: 3.0.90
digest: sha256:cefdc76134adace8a0d90673d56551e06f69d0d6f5d79300e71e17c85a7ba914
generated: "2022-10-07T10:14:12.767606831Z"
