dependencies:
- name: common
  repository: https://library-charts.truecharts.org
  version: 10.9.1
- name: mongodb
  repository: https://charts.truecharts.org/
  version: 2.0.58
digest: sha256:cd0ec6101d0a3deb3ec0935e24fc5b36b8fe2c4b498f32828bbb68b4b9d17d7c
generated: "2022-11-08T18:07:52.032118967Z"
