dependencies:
- name: common
  repository: https://library-charts.truecharts.org
  version: 10.5.4
- name: postgresql
  repository: https://charts.truecharts.org/
  version: 8.0.67
- name: memcached
  repository: https://charts.truecharts.org/
  version: 3.0.66
digest: sha256:727662aa72e98949ed9d679820e8a2d49d69ed77a080573195ad9a7b63c3d94f
generated: "2022-08-30T08:11:01.34761712Z"
