dependencies:
- name: common
  repository: https://library-charts.truecharts.org
  version: 10.5.0
- name: postgresql
  repository: https://charts.truecharts.org/
  version: 8.0.62
- name: memcached
  repository: https://charts.truecharts.org/
  version: 3.0.59
digest: sha256:7c37b3738ec810c27ea52325e9a2d58792bff4dbe35c1431641edf49cf5db9f8
generated: "2022-08-23T22:33:47.650853479Z"
