dependencies:
- name: common
  repository: https://library-charts.truecharts.org
  version: 10.5.9
- name: postgresql
  repository: https://charts.truecharts.org/
  version: 8.0.75
- name: collabora-online
  repository: https://charts.truecharts.org/
  version: 12.1.39
- name: redis
  repository: https://charts.truecharts.org
  version: 3.0.71
digest: sha256:42925d3d28706df46c7168d6fc0076733f4d536114728f6a37a621e6255c63a4
generated: "2022-09-12T22:49:20.143037016Z"
