dependencies:
- name: common
  repository: https://library-charts.truecharts.org
  version: 10.7.19
- name: node-exporter
  repository: https://charts.bitnami.com/bitnami
  version: 3.2.3
- name: kube-state-metrics
  repository: https://charts.bitnami.com/bitnami
  version: 3.2.5
digest: sha256:ec2155d167591b3780694c83a5fa41d730b0fc0b14e7a0bdfb0ffc43ab6214be
generated: "2022-11-06T07:53:57.846238065Z"
