dependencies:
- name: common
  repository: https://library-charts.truecharts.org
  version: 10.7.13
- name: postgresql
  repository: https://charts.truecharts.org/
  version: 8.0.114
- name: solr
  repository: https://charts.truecharts.org/
  version: 0.0.81
digest: sha256:f287d1ee5d7e053cb69df43385c00ab81bf502521b44c10e2fcdcbbc46c9cf21
generated: "2022-11-02T08:58:18.353150725Z"
